// !$*UTF8*$!
{
	archiveVersion = 1;
	classes = {
	};
	objectVersion = 48;
	objects = {

/* Begin PBXBuildFile section */
		4923FD161FCDE24F0054B1EE /* AppDelegate.swift in Sources */ = {isa = PBXBuildFile; fileRef = 4923FD151FCDE24F0054B1EE /* AppDelegate.swift */; };
		4923FD181FCDE24F0054B1EE /* RecordsViewController.swift in Sources */ = {isa = PBXBuildFile; fileRef = 4923FD171FCDE24F0054B1EE /* RecordsViewController.swift */; };
		4923FD1B1FCDE24F0054B1EE /* Main.storyboard in Resources */ = {isa = PBXBuildFile; fileRef = 4923FD191FCDE24F0054B1EE /* Main.storyboard */; };
		4923FD1E1FCDE24F0054B1EE /* MemoTest.xcdatamodeld in Sources */ = {isa = PBXBuildFile; fileRef = 4923FD1C1FCDE24F0054B1EE /* MemoTest.xcdatamodeld */; };
		4923FD231FCDE24F0054B1EE /* LaunchScreen.storyboard in Resources */ = {isa = PBXBuildFile; fileRef = 4923FD211FCDE24F0054B1EE /* LaunchScreen.storyboard */; };
		4923FD2D1FCDE6920054B1EE /* Auth.swift in Sources */ = {isa = PBXBuildFile; fileRef = 4923FD2C1FCDE6920054B1EE /* Auth.swift */; };
		4923FD301FCDE7970054B1EE /* NavigationController.swift in Sources */ = {isa = PBXBuildFile; fileRef = 4923FD2F1FCDE7970054B1EE /* NavigationController.swift */; };
		4923FD331FCDE7B90054B1EE /* UIColor+String.swift in Sources */ = {isa = PBXBuildFile; fileRef = 4923FD321FCDE7B90054B1EE /* UIColor+String.swift */; };
		4923FD351FCDE8610054B1EE /* Auth.storyboard in Resources */ = {isa = PBXBuildFile; fileRef = 4923FD341FCDE8610054B1EE /* Auth.storyboard */; };
		4923FD371FCDE8820054B1EE /* PermissionViewController.swift in Sources */ = {isa = PBXBuildFile; fileRef = 4923FD361FCDE8820054B1EE /* PermissionViewController.swift */; };
		4923FD3A1FCDF4FF0054B1EE /* Recorder.swift in Sources */ = {isa = PBXBuildFile; fileRef = 4923FD391FCDF4FF0054B1EE /* Recorder.swift */; };
		4923FD3D1FCE059A0054B1EE /* Record.swift in Sources */ = {isa = PBXBuildFile; fileRef = 4923FD3C1FCE059A0054B1EE /* Record.swift */; };
		4923FD401FCE1BAB0054B1EE /* StorageDataSource.swift in Sources */ = {isa = PBXBuildFile; fileRef = 4923FD3F1FCE1BAB0054B1EE /* StorageDataSource.swift */; };
		4923FD421FCE217B0054B1EE /* RecordsCell.swift in Sources */ = {isa = PBXBuildFile; fileRef = 4923FD411FCE217B0054B1EE /* RecordsCell.swift */; };
		4923FD441FCEE6990054B1EE /* UIAlertController+Helpers.swift in Sources */ = {isa = PBXBuildFile; fileRef = 4923FD431FCEE6990054B1EE /* UIAlertController+Helpers.swift */; };
		4923FD461FCEE72B0054B1EE /* UIViewController+Helpers.swift in Sources */ = {isa = PBXBuildFile; fileRef = 4923FD451FCEE72B0054B1EE /* UIViewController+Helpers.swift */; };
		4923FD481FCEE8800054B1EE /* FieldsValidator.swift in Sources */ = {isa = PBXBuildFile; fileRef = 4923FD471FCEE8800054B1EE /* FieldsValidator.swift */; };
		4923FD4A1FCEF46F0054B1EE /* Assets.xcassets in Resources */ = {isa = PBXBuildFile; fileRef = 4923FD491FCEF46E0054B1EE /* Assets.xcassets */; };
		4923FD4C1FD0D3720054B1EE /* NSDate+Utilities.swift in Sources */ = {isa = PBXBuildFile; fileRef = 4923FD4B1FD0D3710054B1EE /* NSDate+Utilities.swift */; };
		4923FD511FD0E9A00054B1EE /* icon.png in Resources */ = {isa = PBXBuildFile; fileRef = 4923FD501FD0E99F0054B1EE /* icon.png */; };
		4998045F1FD4D42D00CE373B /* Player.swift in Sources */ = {isa = PBXBuildFile; fileRef = 4998045E1FD4D42D00CE373B /* Player.swift */; };
		499804621FD4D44A00CE373B /* AudioManager.swift in Sources */ = {isa = PBXBuildFile; fileRef = 499804611FD4D44A00CE373B /* AudioManager.swift */; };
		499804641FD4EDA400CE373B /* FileSteer.swift in Sources */ = {isa = PBXBuildFile; fileRef = 499804631FD4EDA400CE373B /* FileSteer.swift */; };
		499804671FD4F06200CE373B /* ModelController.swift in Sources */ = {isa = PBXBuildFile; fileRef = 499804661FD4F06200CE373B /* ModelController.swift */; };
		4998046B1FD4FFA700CE373B /* Microphone.swift in Sources */ = {isa = PBXBuildFile; fileRef = 4998046A1FD4FFA700CE373B /* Microphone.swift */; };
/* End PBXBuildFile section */

/* Begin PBXFileReference section */
		4923FD121FCDE24F0054B1EE /* MemoTest.app */ = {isa = PBXFileReference; explicitFileType = wrapper.application; includeInIndex = 0; path = MemoTest.app; sourceTree = BUILT_PRODUCTS_DIR; };
		4923FD151FCDE24F0054B1EE /* AppDelegate.swift */ = {isa = PBXFileReference; lastKnownFileType = sourcecode.swift; path = AppDelegate.swift; sourceTree = "<group>"; };
		4923FD171FCDE24F0054B1EE /* RecordsViewController.swift */ = {isa = PBXFileReference; lastKnownFileType = sourcecode.swift; path = RecordsViewController.swift; sourceTree = "<group>"; };
		4923FD1A1FCDE24F0054B1EE /* Base */ = {isa = PBXFileReference; lastKnownFileType = file.storyboard; name = Base; path = Base.lproj/Main.storyboard; sourceTree = "<group>"; };
		4923FD1D1FCDE24F0054B1EE /* MemoTest.xcdatamodel */ = {isa = PBXFileReference; lastKnownFileType = wrapper.xcdatamodel; path = MemoTest.xcdatamodel; sourceTree = "<group>"; };
		4923FD221FCDE24F0054B1EE /* Base */ = {isa = PBXFileReference; lastKnownFileType = file.storyboard; name = Base; path = Base.lproj/LaunchScreen.storyboard; sourceTree = "<group>"; };
		4923FD241FCDE24F0054B1EE /* Info.plist */ = {isa = PBXFileReference; lastKnownFileType = text.plist.xml; path = Info.plist; sourceTree = "<group>"; };
		4923FD2C1FCDE6920054B1EE /* Auth.swift */ = {isa = PBXFileReference; lastKnownFileType = sourcecode.swift; path = Auth.swift; sourceTree = "<group>"; };
		4923FD2F1FCDE7970054B1EE /* NavigationController.swift */ = {isa = PBXFileReference; lastKnownFileType = sourcecode.swift; path = NavigationController.swift; sourceTree = "<group>"; };
		4923FD321FCDE7B90054B1EE /* UIColor+String.swift */ = {isa = PBXFileReference; lastKnownFileType = sourcecode.swift; path = "UIColor+String.swift"; sourceTree = "<group>"; };
		4923FD341FCDE8610054B1EE /* Auth.storyboard */ = {isa = PBXFileReference; lastKnownFileType = file.storyboard; path = Auth.storyboard; sourceTree = "<group>"; };
		4923FD361FCDE8820054B1EE /* PermissionViewController.swift */ = {isa = PBXFileReference; lastKnownFileType = sourcecode.swift; path = PermissionViewController.swift; sourceTree = "<group>"; };
		4923FD391FCDF4FF0054B1EE /* Recorder.swift */ = {isa = PBXFileReference; lastKnownFileType = sourcecode.swift; path = Recorder.swift; sourceTree = "<group>"; };
		4923FD3C1FCE059A0054B1EE /* Record.swift */ = {isa = PBXFileReference; lastKnownFileType = sourcecode.swift; path = Record.swift; sourceTree = "<group>"; };
		4923FD3F1FCE1BAB0054B1EE /* StorageDataSource.swift */ = {isa = PBXFileReference; lastKnownFileType = sourcecode.swift; path = StorageDataSource.swift; sourceTree = "<group>"; };
		4923FD411FCE217B0054B1EE /* RecordsCell.swift */ = {isa = PBXFileReference; lastKnownFileType = sourcecode.swift; path = RecordsCell.swift; sourceTree = "<group>"; };
		4923FD431FCEE6990054B1EE /* UIAlertController+Helpers.swift */ = {isa = PBXFileReference; lastKnownFileType = sourcecode.swift; path = "UIAlertController+Helpers.swift"; sourceTree = "<group>"; };
		4923FD451FCEE72B0054B1EE /* UIViewController+Helpers.swift */ = {isa = PBXFileReference; lastKnownFileType = sourcecode.swift; path = "UIViewController+Helpers.swift"; sourceTree = "<group>"; };
		4923FD471FCEE8800054B1EE /* FieldsValidator.swift */ = {isa = PBXFileReference; lastKnownFileType = sourcecode.swift; path = FieldsValidator.swift; sourceTree = "<group>"; };
		4923FD491FCEF46E0054B1EE /* Assets.xcassets */ = {isa = PBXFileReference; lastKnownFileType = folder.assetcatalog; path = Assets.xcassets; sourceTree = "<group>"; };
		4923FD4B1FD0D3710054B1EE /* NSDate+Utilities.swift */ = {isa = PBXFileReference; lastKnownFileType = sourcecode.swift; path = "NSDate+Utilities.swift"; sourceTree = "<group>"; };
		4923FD501FD0E99F0054B1EE /* icon.png */ = {isa = PBXFileReference; lastKnownFileType = image.png; path = icon.png; sourceTree = "<group>"; };
		4998045E1FD4D42D00CE373B /* Player.swift */ = {isa = PBXFileReference; lastKnownFileType = sourcecode.swift; path = Player.swift; sourceTree = "<group>"; };
		499804611FD4D44A00CE373B /* AudioManager.swift */ = {isa = PBXFileReference; lastKnownFileType = sourcecode.swift; path = AudioManager.swift; sourceTree = "<group>"; };
		499804631FD4EDA400CE373B /* FileSteer.swift */ = {isa = PBXFileReference; lastKnownFileType = sourcecode.swift; path = FileSteer.swift; sourceTree = "<group>"; };
		499804661FD4F06200CE373B /* ModelController.swift */ = {isa = PBXFileReference; lastKnownFileType = sourcecode.swift; path = ModelController.swift; sourceTree = "<group>"; };
		4998046A1FD4FFA700CE373B /* Microphone.swift */ = {isa = PBXFileReference; lastKnownFileType = sourcecode.swift; path = Microphone.swift; sourceTree = "<group>"; };
/* End PBXFileReference section */

/* Begin PBXFrameworksBuildPhase section */
		4923FD0F1FCDE24F0054B1EE /* Frameworks */ = {
			isa = PBXFrameworksBuildPhase;
			buildActionMask = 2147483647;
			files = (
			);
			runOnlyForDeploymentPostprocessing = 0;
		};
/* End PBXFrameworksBuildPhase section */

/* Begin PBXGroup section */
		4923FD091FCDE24F0054B1EE = {
			isa = PBXGroup;
			children = (
				4923FD141FCDE24F0054B1EE /* MemoTest */,
				4923FD131FCDE24F0054B1EE /* Products */,
			);
			sourceTree = "<group>";
		};
		4923FD131FCDE24F0054B1EE /* Products */ = {
			isa = PBXGroup;
			children = (
				4923FD121FCDE24F0054B1EE /* MemoTest.app */,
			);
			name = Products;
			sourceTree = "<group>";
		};
		4923FD141FCDE24F0054B1EE /* MemoTest */ = {
			isa = PBXGroup;
			children = (
				4923FD4D1FD0E7BF0054B1EE /* Resource */,
				4923FD311FCDE79E0054B1EE /* Helpers */,
				4923FD3E1FCE1B890054B1EE /* CoreData */,
				499804651FD4EE1000CE373B /* FileSteer */,
				4998045D1FD4D40500CE373B /* AudioManager */,
				4923FD3B1FCE058A0054B1EE /* Model */,
				499804681FD4F72E00CE373B /* ModelController */,
				4923FD2B1FCDE6890054B1EE /* Auth */,
				4923FD2A1FCDE6730054B1EE /* Records */,
				4923FD2E1FCDE77B0054B1EE /* GeneralNavigation */,
				4923FD151FCDE24F0054B1EE /* AppDelegate.swift */,
				4923FD241FCDE24F0054B1EE /* Info.plist */,
			);
			path = MemoTest;
			sourceTree = "<group>";
		};
		4923FD2A1FCDE6730054B1EE /* Records */ = {
			isa = PBXGroup;
			children = (
				4923FD171FCDE24F0054B1EE /* RecordsViewController.swift */,
				4923FD411FCE217B0054B1EE /* RecordsCell.swift */,
			);
			path = Records;
			sourceTree = "<group>";
		};
		4923FD2B1FCDE6890054B1EE /* Auth */ = {
			isa = PBXGroup;
			children = (
				4923FD2C1FCDE6920054B1EE /* Auth.swift */,
				4923FD361FCDE8820054B1EE /* PermissionViewController.swift */,
				4923FD341FCDE8610054B1EE /* Auth.storyboard */,
			);
			path = Auth;
			sourceTree = "<group>";
		};
		4923FD2E1FCDE77B0054B1EE /* GeneralNavigation */ = {
			isa = PBXGroup;
			children = (
				4923FD191FCDE24F0054B1EE /* Main.storyboard */,
				4923FD211FCDE24F0054B1EE /* LaunchScreen.storyboard */,
				4923FD2F1FCDE7970054B1EE /* NavigationController.swift */,
			);
			path = GeneralNavigation;
			sourceTree = "<group>";
		};
		4923FD311FCDE79E0054B1EE /* Helpers */ = {
			isa = PBXGroup;
			children = (
				4923FD471FCEE8800054B1EE /* FieldsValidator.swift */,
				4923FD321FCDE7B90054B1EE /* UIColor+String.swift */,
				4923FD431FCEE6990054B1EE /* UIAlertController+Helpers.swift */,
				4923FD451FCEE72B0054B1EE /* UIViewController+Helpers.swift */,
				4923FD4B1FD0D3710054B1EE /* NSDate+Utilities.swift */,
			);
			path = Helpers;
			sourceTree = "<group>";
		};
		4923FD381FCDF4ED0054B1EE /* Recorder */ = {
			isa = PBXGroup;
			children = (
				4923FD391FCDF4FF0054B1EE /* Recorder.swift */,
			);
			path = Recorder;
			sourceTree = "<group>";
		};
		4923FD3B1FCE058A0054B1EE /* Model */ = {
			isa = PBXGroup;
			children = (
				4923FD3C1FCE059A0054B1EE /* Record.swift */,
			);
			path = Model;
			sourceTree = "<group>";
		};
		4923FD3E1FCE1B890054B1EE /* CoreData */ = {
			isa = PBXGroup;
			children = (
				4923FD3F1FCE1BAB0054B1EE /* StorageDataSource.swift */,
				4923FD1C1FCDE24F0054B1EE /* MemoTest.xcdatamodeld */,
			);
			path = CoreData;
			sourceTree = "<group>";
		};
		4923FD4D1FD0E7BF0054B1EE /* Resource */ = {
			isa = PBXGroup;
			children = (
				4923FD491FCEF46E0054B1EE /* Assets.xcassets */,
				4923FD501FD0E99F0054B1EE /* icon.png */,
			);
			path = Resource;
			sourceTree = "<group>";
		};
		4998045D1FD4D40500CE373B /* AudioManager */ = {
			isa = PBXGroup;
			children = (
				499804611FD4D44A00CE373B /* AudioManager.swift */,
				499804601FD4D43300CE373B /* Player */,
				4923FD381FCDF4ED0054B1EE /* Recorder */,
				499804691FD4FF9800CE373B /* Microphone */,
			);
			path = AudioManager;
			sourceTree = "<group>";
		};
		499804601FD4D43300CE373B /* Player */ = {
			isa = PBXGroup;
			children = (
				4998045E1FD4D42D00CE373B /* Player.swift */,
			);
			path = Player;
			sourceTree = "<group>";
		};
		499804651FD4EE1000CE373B /* FileSteer */ = {
			isa = PBXGroup;
			children = (
				499804631FD4EDA400CE373B /* FileSteer.swift */,
			);
			path = FileSteer;
			sourceTree = "<group>";
		};
		499804681FD4F72E00CE373B /* ModelController */ = {
			isa = PBXGroup;
			children = (
				499804661FD4F06200CE373B /* ModelController.swift */,
			);
			path = ModelController;
			sourceTree = "<group>";
		};
		499804691FD4FF9800CE373B /* Microphone */ = {
			isa = PBXGroup;
			children = (
				4998046A1FD4FFA700CE373B /* Microphone.swift */,
			);
			path = Microphone;
			sourceTree = "<group>";
		};
/* End PBXGroup section */

/* Begin PBXNativeTarget section */
		4923FD111FCDE24F0054B1EE /* MemoTest */ = {
			isa = PBXNativeTarget;
			buildConfigurationList = 4923FD271FCDE24F0054B1EE /* Build configuration list for PBXNativeTarget "MemoTest" */;
			buildPhases = (
				4923FD0E1FCDE24F0054B1EE /* Sources */,
				4923FD0F1FCDE24F0054B1EE /* Frameworks */,
				4923FD101FCDE24F0054B1EE /* Resources */,
			);
			buildRules = (
			);
			dependencies = (
			);
			name = MemoTest;
			productName = MemoTest;
			productReference = 4923FD121FCDE24F0054B1EE /* MemoTest.app */;
			productType = "com.apple.product-type.application";
		};
/* End PBXNativeTarget section */

/* Begin PBXProject section */
		4923FD0A1FCDE24F0054B1EE /* Project object */ = {
			isa = PBXProject;
			attributes = {
				LastSwiftUpdateCheck = 0910;
				LastUpgradeCheck = 0910;
				ORGANIZATIONNAME = "Andrew Gerbovtsan";
				TargetAttributes = {
					4923FD111FCDE24F0054B1EE = {
						CreatedOnToolsVersion = 9.1;
						ProvisioningStyle = Automatic;
					};
				};
			};
			buildConfigurationList = 4923FD0D1FCDE24F0054B1EE /* Build configuration list for PBXProject "MemoTest" */;
			compatibilityVersion = "Xcode 8.0";
			developmentRegion = en;
			hasScannedForEncodings = 0;
			knownRegions = (
				en,
				Base,
			);
			mainGroup = 4923FD091FCDE24F0054B1EE;
			productRefGroup = 4923FD131FCDE24F0054B1EE /* Products */;
			projectDirPath = "";
			projectRoot = "";
			targets = (
				4923FD111FCDE24F0054B1EE /* MemoTest */,
			);
		};
/* End PBXProject section */

/* Begin PBXResourcesBuildPhase section */
		4923FD101FCDE24F0054B1EE /* Resources */ = {
			isa = PBXResourcesBuildPhase;
			buildActionMask = 2147483647;
			files = (
				4923FD351FCDE8610054B1EE /* Auth.storyboard in Resources */,
				4923FD511FD0E9A00054B1EE /* icon.png in Resources */,
				4923FD231FCDE24F0054B1EE /* LaunchScreen.storyboard in Resources */,
				4923FD4A1FCEF46F0054B1EE /* Assets.xcassets in Resources */,
				4923FD1B1FCDE24F0054B1EE /* Main.storyboard in Resources */,
			);
			runOnlyForDeploymentPostprocessing = 0;
		};
/* End PBXResourcesBuildPhase section */

/* Begin PBXSourcesBuildPhase section */
		4923FD0E1FCDE24F0054B1EE /* Sources */ = {
			isa = PBXSourcesBuildPhase;
			buildActionMask = 2147483647;
			files = (
				4923FD1E1FCDE24F0054B1EE /* MemoTest.xcdatamodeld in Sources */,
				4923FD421FCE217B0054B1EE /* RecordsCell.swift in Sources */,
				4923FD441FCEE6990054B1EE /* UIAlertController+Helpers.swift in Sources */,
				499804621FD4D44A00CE373B /* AudioManager.swift in Sources */,
				4923FD181FCDE24F0054B1EE /* RecordsViewController.swift in Sources */,
				4998045F1FD4D42D00CE373B /* Player.swift in Sources */,
				4923FD331FCDE7B90054B1EE /* UIColor+String.swift in Sources */,
				4998046B1FD4FFA700CE373B /* Microphone.swift in Sources */,
				4923FD301FCDE7970054B1EE /* NavigationController.swift in Sources */,
				4923FD4C1FD0D3720054B1EE /* NSDate+Utilities.swift in Sources */,
				4923FD371FCDE8820054B1EE /* PermissionViewController.swift in Sources */,
				499804671FD4F06200CE373B /* ModelController.swift in Sources */,
				4923FD161FCDE24F0054B1EE /* AppDelegate.swift in Sources */,
				4923FD401FCE1BAB0054B1EE /* StorageDataSource.swift in Sources */,
				4923FD481FCEE8800054B1EE /* FieldsValidator.swift in Sources */,
				4923FD2D1FCDE6920054B1EE /* Auth.swift in Sources */,
				4923FD3D1FCE059A0054B1EE /* Record.swift in Sources */,
				499804641FD4EDA400CE373B /* FileSteer.swift in Sources */,
				4923FD3A1FCDF4FF0054B1EE /* Recorder.swift in Sources */,
				4923FD461FCEE72B0054B1EE /* UIViewController+Helpers.swift in Sources */,
			);
			runOnlyForDeploymentPostprocessing = 0;
		};
/* End PBXSourcesBuildPhase section */

/* Begin PBXVariantGroup section */
		4923FD191FCDE24F0054B1EE /* Main.storyboard */ = {
			isa = PBXVariantGroup;
			children = (
				4923FD1A1FCDE24F0054B1EE /* Base */,
			);
			name = Main.storyboard;
			sourceTree = "<group>";
		};
		4923FD211FCDE24F0054B1EE /* LaunchScreen.storyboard */ = {
			isa = PBXVariantGroup;
			children = (
				4923FD221FCDE24F0054B1EE /* Base */,
			);
			name = LaunchScreen.storyboard;
			sourceTree = "<group>";
		};
/* End PBXVariantGroup section */

/* Begin XCBuildConfiguration section */
		4923FD251FCDE24F0054B1EE /* Debug */ = {
			isa = XCBuildConfiguration;
			buildSettings = {
				ALWAYS_SEARCH_USER_PATHS = NO;
				CLANG_ANALYZER_NONNULL = YES;
				CLANG_ANALYZER_NUMBER_OBJECT_CONVERSION = YES_AGGRESSIVE;
				CLANG_CXX_LANGUAGE_STANDARD = "gnu++14";
				CLANG_CXX_LIBRARY = "libc++";
				CLANG_ENABLE_MODULES = YES;
				CLANG_ENABLE_OBJC_ARC = YES;
				CLANG_WARN_BLOCK_CAPTURE_AUTORELEASING = YES;
				CLANG_WARN_BOOL_CONVERSION = YES;
				CLANG_WARN_COMMA = YES;
				CLANG_WARN_CONSTANT_CONVERSION = YES;
				CLANG_WARN_DIRECT_OBJC_ISA_USAGE = YES_ERROR;
				CLANG_WARN_DOCUMENTATION_COMMENTS = YES;
				CLANG_WARN_EMPTY_BODY = YES;
				CLANG_WARN_ENUM_CONVERSION = YES;
				CLANG_WARN_INFINITE_RECURSION = YES;
				CLANG_WARN_INT_CONVERSION = YES;
				CLANG_WARN_NON_LITERAL_NULL_CONVERSION = YES;
				CLANG_WARN_OBJC_LITERAL_CONVERSION = YES;
				CLANG_WARN_OBJC_ROOT_CLASS = YES_ERROR;
				CLANG_WARN_RANGE_LOOP_ANALYSIS = YES;
				CLANG_WARN_STRICT_PROTOTYPES = YES;
				CLANG_WARN_SUSPICIOUS_MOVE = YES;
				CLANG_WARN_UNGUARDED_AVAILABILITY = YES_AGGRESSIVE;
				CLANG_WARN_UNREACHABLE_CODE = YES;
				CLANG_WARN__DUPLICATE_METHOD_MATCH = YES;
				CODE_SIGN_IDENTITY = "iPhone Developer";
				COPY_PHASE_STRIP = NO;
				DEBUG_INFORMATION_FORMAT = dwarf;
				ENABLE_STRICT_OBJC_MSGSEND = YES;
				ENABLE_TESTABILITY = YES;
				GCC_C_LANGUAGE_STANDARD = gnu11;
				GCC_DYNAMIC_NO_PIC = NO;
				GCC_NO_COMMON_BLOCKS = YES;
				GCC_OPTIMIZATION_LEVEL = 0;
				GCC_PREPROCESSOR_DEFINITIONS = (
					"DEBUG=1",
					"$(inherited)",
				);
				GCC_WARN_64_TO_32_BIT_CONVERSION = YES;
				GCC_WARN_ABOUT_RETURN_TYPE = YES_ERROR;
				GCC_WARN_UNDECLARED_SELECTOR = YES;
				GCC_WARN_UNINITIALIZED_AUTOS = YES_AGGRESSIVE;
				GCC_WARN_UNUSED_FUNCTION = YES;
				GCC_WARN_UNUSED_VARIABLE = YES;
				IPHONEOS_DEPLOYMENT_TARGET = 11.1;
				MTL_ENABLE_DEBUG_INFO = YES;
				ONLY_ACTIVE_ARCH = YES;
				SDKROOT = iphoneos;
				SWIFT_ACTIVE_COMPILATION_CONDITIONS = DEBUG;
				SWIFT_OPTIMIZATION_LEVEL = "-Onone";
			};
			name = Debug;
		};
		4923FD261FCDE24F0054B1EE /* Release */ = {
			isa = XCBuildConfiguration;
			buildSettings = {
				ALWAYS_SEARCH_USER_PATHS = NO;
				CLANG_ANALYZER_NONNULL = YES;
				CLANG_ANALYZER_NUMBER_OBJECT_CONVERSION = YES_AGGRESSIVE;
				CLANG_CXX_LANGUAGE_STANDARD = "gnu++14";
				CLANG_CXX_LIBRARY = "libc++";
				CLANG_ENABLE_MODULES = YES;
				CLANG_ENABLE_OBJC_ARC = YES;
				CLANG_WARN_BLOCK_CAPTURE_AUTORELEASING = YES;
				CLANG_WARN_BOOL_CONVERSION = YES;
				CLANG_WARN_COMMA = YES;
				CLANG_WARN_CONSTANT_CONVERSION = YES;
				CLANG_WARN_DIRECT_OBJC_ISA_USAGE = YES_ERROR;
				CLANG_WARN_DOCUMENTATION_COMMENTS = YES;
				CLANG_WARN_EMPTY_BODY = YES;
				CLANG_WARN_ENUM_CONVERSION = YES;
				CLANG_WARN_INFINITE_RECURSION = YES;
				CLANG_WARN_INT_CONVERSION = YES;
				CLANG_WARN_NON_LITERAL_NULL_CONVERSION = YES;
				CLANG_WARN_OBJC_LITERAL_CONVERSION = YES;
				CLANG_WARN_OBJC_ROOT_CLASS = YES_ERROR;
				CLANG_WARN_RANGE_LOOP_ANALYSIS = YES;
				CLANG_WARN_STRICT_PROTOTYPES = YES;
				CLANG_WARN_SUSPICIOUS_MOVE = YES;
				CLANG_WARN_UNGUARDED_AVAILABILITY = YES_AGGRESSIVE;
				CLANG_WARN_UNREACHABLE_CODE = YES;
				CLANG_WARN__DUPLICATE_METHOD_MATCH = YES;
				CODE_SIGN_IDENTITY = "iPhone Developer";
				COPY_PHASE_STRIP = NO;
				DEBUG_INFORMATION_FORMAT = "dwarf-with-dsym";
				ENABLE_NS_ASSERTIONS = NO;
				ENABLE_STRICT_OBJC_MSGSEND = YES;
				GCC_C_LANGUAGE_STANDARD = gnu11;
				GCC_NO_COMMON_BLOCKS = YES;
				GCC_WARN_64_TO_32_BIT_CONVERSION = YES;
				GCC_WARN_ABOUT_RETURN_TYPE = YES_ERROR;
				GCC_WARN_UNDECLARED_SELECTOR = YES;
				GCC_WARN_UNINITIALIZED_AUTOS = YES_AGGRESSIVE;
				GCC_WARN_UNUSED_FUNCTION = YES;
				GCC_WARN_UNUSED_VARIABLE = YES;
				IPHONEOS_DEPLOYMENT_TARGET = 11.1;
				MTL_ENABLE_DEBUG_INFO = NO;
				SDKROOT = iphoneos;
				SWIFT_OPTIMIZATION_LEVEL = "-Owholemodule";
				VALIDATE_PRODUCT = YES;
			};
			name = Release;
		};
		4923FD281FCDE24F0054B1EE /* Debug */ = {
			isa = XCBuildConfiguration;
			buildSettings = {
				ASSETCATALOG_COMPILER_APPICON_NAME = AppIcon;
				CODE_SIGN_STYLE = Automatic;
				DEVELOPMENT_TEAM = U28JUD5674;
				INFOPLIST_FILE = MemoTest/Info.plist;
				LD_RUNPATH_SEARCH_PATHS = "$(inherited) @executable_path/Frameworks";
				PRODUCT_BUNDLE_IDENTIFIER = dev.VoiceRec;
				PRODUCT_NAME = "$(TARGET_NAME)";
				SWIFT_VERSION = 4.0;
				TARGETED_DEVICE_FAMILY = "1,2";
			};
			name = Debug;
		};
		4923FD291FCDE24F0054B1EE /* Release */ = {
			isa = XCBuildConfiguration;
			buildSettings = {
				ASSETCATALOG_COMPILER_APPICON_NAME = AppIcon;
				CODE_SIGN_STYLE = Automatic;
				DEVELOPMENT_TEAM = U28JUD5674;
				INFOPLIST_FILE = MemoTest/Info.plist;
				LD_RUNPATH_SEARCH_PATHS = "$(inherited) @executable_path/Frameworks";
				PRODUCT_BUNDLE_IDENTIFIER = dev.VoiceRec;
				PRODUCT_NAME = "$(TARGET_NAME)";
				SWIFT_VERSION = 4.0;
				TARGETED_DEVICE_FAMILY = "1,2";
			};
			name = Release;
		};
/* End XCBuildConfiguration section */

/* Begin XCConfigurationList section */
		4923FD0D1FCDE24F0054B1EE /* Build configuration list for PBXProject "MemoTest" */ = {
			isa = XCConfigurationList;
			buildConfigurations = (
				4923FD251FCDE24F0054B1EE /* Debug */,
				4923FD261FCDE24F0054B1EE /* Release */,
			);
			defaultConfigurationIsVisible = 0;
			defaultConfigurationName = Release;
		};
		4923FD271FCDE24F0054B1EE /* Build configuration list for PBXNativeTarget "MemoTest" */ = {
			isa = XCConfigurationList;
			buildConfigurations = (
				4923FD281FCDE24F0054B1EE /* Debug */,
				4923FD291FCDE24F0054B1EE /* Release */,
			);
			defaultConfigurationIsVisible = 0;
			defaultConfigurationName = Release;
		};
/* End XCConfigurationList section */

/* Begin XCVersionGroup section */
		4923FD1C1FCDE24F0054B1EE /* MemoTest.xcdatamodeld */ = {
			isa = XCVersionGroup;
			children = (
				4923FD1D1FCDE24F0054B1EE /* MemoTest.xcdatamodel */,
			);
			currentVersion = 4923FD1D1FCDE24F0054B1EE /* MemoTest.xcdatamodel */;
			path = MemoTest.xcdatamodeld;
			sourceTree = "<group>";
			versionGroupType = wrapper.xcdatamodel;
		};
/* End XCVersionGroup section */
	};
	rootObject = 4923FD0A1FCDE24F0054B1EE /* Project object */;
}
